
Microsoft Visual Studio Solution File, Format Version 12.00
# Visual Studio Version 16
VisualStudioVersion = 16.0.29613.14
MinimumVisualStudioVersion = 10.0.40219.1
Project("{FAE04EC0-301F-11D3-BF4B-00C04F79EFBC}") = "InClassWebApplication", "InClassWebApplication\InClassWebApplication.csproj", "{28F559AB-E918-4480-A53D-D90FEDACB86F}"
EndProject
Global
	GlobalSection(SolutionConfigurationPlatforms) = preSolution
		Debug|Any CPU = Debug|Any CPU
		Release|Any CPU = Release|Any CPU
	EndGlobalSection
	GlobalSection(ProjectConfigurationPlatforms) = postSolution
		{28F559AB-E918-4480-A53D-D90FEDACB86F}.Debug|Any CPU.ActiveCfg = Debug|Any CPU
		{28F559AB-E918-4480-A53D-D90FEDACB86F}.Debug|Any CPU.Build.0 = Debug|Any CPU
		{28F559AB-E918-4480-A53D-D90FEDACB86F}.Release|Any CPU.ActiveCfg = Release|Any CPU
		{28F559AB-E918-4480-A53D-D90FEDACB86F}.Release|Any CPU.Build.0 = Release|Any CPU
	EndGlobalSection
	GlobalSection(SolutionProperties) = preSolution
		HideSolutionNode = FALSE
	EndGlobalSection
	GlobalSection(ExtensibilityGlobals) = postSolution
		SolutionGuid = {8CD03332-8447-4DA7-A0F6-2AC9EEEBC03D}
	EndGlobalSection
EndGlobal
